# THIS IS AN AUTOGENERATED FILE. DO NOT EDIT THIS FILE DIRECTLY.
# yarn lockfile v1


bencode@^0.12.0:
  version "0.12.0"
  resolved "https://registry.yarnpkg.com/bencode/-/bencode-0.12.0.tgz#bc879c476d864453d2479519e44c64b347a59b3a"

safe-buffer@~5.0.1:
  version "5.0.1"
  resolved "https://registry.yarnpkg.com/safe-buffer/-/safe-buffer-5.0.1.tgz#d263ca54696cd8a306b5ca6551e92de57918fbe7"

shadow-cljs-jar@^0.4.0:
  version "0.4.0"
  resolved "https://registry.yarnpkg.com/shadow-cljs-jar/-/shadow-cljs-jar-0.4.0.tgz#88cd4d0af7199abfd85add1f06eba679512d6a17"

shadow-cljs@^0.8.0:
  version "0.8.0"
  resolved "https://registry.yarnpkg.com/shadow-cljs/-/shadow-cljs-0.8.0.tgz#cf82464a9605ff78b8200bd53f47d5cefac46c4c"
  dependencies:
    bencode "^0.12.0"
    shadow-cljs-jar "^0.4.0"

source-map-support@^0.4.15:
  version "0.4.15"
  resolved "https://registry.yarnpkg.com/source-map-support/-/source-map-support-0.4.15.tgz#03202df65c06d2bd8c7ec2362a193056fef8d3b1"
  dependencies:
    source-map "^0.5.6"

source-map@^0.5.6:
  version "0.5.6"
  resolved "https://registry.yarnpkg.com/source-map/-/source-map-0.5.6.tgz#75ce38f52bf0733c5a7f0c118d81334a2bb5f412"

ultron@~1.1.0:
  version "1.1.0"
  resolved "https://registry.yarnpkg.com/ultron/-/ultron-1.1.0.tgz#b07a2e6a541a815fc6a34ccd4533baec307ca864"

ws@^3.0.0:
  version "3.0.0"
  resolved "https://registry.yarnpkg.com/ws/-/ws-3.0.0.tgz#98ddb00056c8390cb751e7788788497f99103b6c"
  dependencies:
    safe-buffer "~5.0.1"
    ultron "~1.1.0"
